// !$*UTF8*$!
{
	archiveVersion = 1;
	classes = {
	};
	objectVersion = 46;
	objects = {

/* Begin PBXBuildFile section */
		EFA8B8851BC993E1003206FE /* AppDelegate.swift in Sources */ = {isa = PBXBuildFile; fileRef = EFA8B8841BC993E1003206FE /* AppDelegate.swift */; };
		EFA8B8871BC993E1003206FE /* ViewController.swift in Sources */ = {isa = PBXBuildFile; fileRef = EFA8B8861BC993E1003206FE /* ViewController.swift */; };
		EFA8B88A1BC993E1003206FE /* Main.storyboard in Resources */ = {isa = PBXBuildFile; fileRef = EFA8B8881BC993E1003206FE /* Main.storyboard */; };
		EFA8B88C1BC993E1003206FE /* Assets.xcassets in Resources */ = {isa = PBXBuildFile; fileRef = EFA8B88B1BC993E1003206FE /* Assets.xcassets */; };
		EFA8B88F1BC993E1003206FE /* LaunchScreen.storyboard in Resources */ = {isa = PBXBuildFile; fileRef = EFA8B88D1BC993E1003206FE /* LaunchScreen.storyboard */; };
/* End PBXBuildFile section */

/* Begin PBXFileReference section */
		EFA8B8811BC993E1003206FE /* RetroCamera.app */ = {isa = PBXFileReference; explicitFileType = wrapper.application; includeInIndex = 0; path = RetroCamera.app; sourceTree = BUILT_PRODUCTS_DIR; };
		EFA8B8841BC993E1003206FE /* AppDelegate.swift */ = {isa = PBXFileReference; lastKnownFileType = sourcecode.swift; path = AppDelegate.swift; sourceTree = "<group>"; };
		EFA8B8861BC993E1003206FE /* ViewController.swift */ = {isa = PBXFileReference; lastKnownFileType = sourcecode.swift; path = ViewController.swift; sourceTree = "<group>"; };
		EFA8B8891BC993E1003206FE /* Base */ = {isa = PBXFileReference; lastKnownFileType = file.storyboard; name = Base; path = Base.lproj/Main.storyboard; sourceTree = "<group>"; };
		EFA8B88B1BC993E1003206FE /* Assets.xcassets */ = {isa = PBXFileReference; lastKnownFileType = folder.assetcatalog; path = Assets.xcassets; sourceTree = "<group>"; };
		EFA8B88E1BC993E1003206FE /* Base */ = {isa = PBXFileReference; lastKnownFileType = file.storyboard; name = Base; path = Base.lproj/LaunchScreen.storyboard; sourceTree = "<group>"; };
		EFA8B8901BC993E1003206FE /* Info.plist */ = {isa = PBXFileReference; lastKnownFileType = text.plist.xml; path = Info.plist; sourceTree = "<group>"; };
/* End PBXFileReference section */

/* Begin PBXFrameworksBuildPhase section */
		EFA8B87E1BC993E1003206FE /* Frameworks */ = {
			isa = PBXFrameworksBuildPhase;
			buildActionMask = 2147483647;
			files = (
			);
			runOnlyForDeploymentPostprocessing = 0;
		};
/* End PBXFrameworksBuildPhase section */

/* Begin PBXGroup section */
		EFA8B8781BC993E1003206FE = {
			isa = PBXGroup;
			children = (
				EFA8B8831BC993E1003206FE /* RetroCamera */,
				EFA8B8821BC993E1003206FE /* Products */,
			);
			sourceTree = "<group>";
		};
		EFA8B8821BC993E1003206FE /* Products */ = {
			isa = PBXGroup;
			children = (
				EFA8B8811BC993E1003206FE /* RetroCamera.app */,
			);
			name = Products;
			sourceTree = "<group>";
		};
		EFA8B8831BC993E1003206FE /* RetroCamera */ = {
			isa = PBXGroup;
			children = (
				EFA8B8841BC993E1003206FE /* AppDelegate.swift */,
				EFA8B8861BC993E1003206FE /* ViewController.swift */,
				EFA8B8881BC993E1003206FE /* Main.storyboard */,
				EFA8B88B1BC993E1003206FE /* Assets.xcassets */,
				EFA8B88D1BC993E1003206FE /* LaunchScreen.storyboard */,
				EFA8B8901BC993E1003206FE /* Info.plist */,
			);
			path = RetroCamera;
			sourceTree = "<group>";
		};
/* End PBXGroup section */

/* Begin PBXNativeTarget section */
		EFA8B8801BC993E1003206FE /* RetroCamera */ = {
			isa = PBXNativeTarget;
			buildConfigurationList = EFA8B8931BC993E1003206FE /* Build configuration list for PBXNativeTarget "RetroCamera" */;
			buildPhases = (
				EFA8B87D1BC993E1003206FE /* Sources */,
				EFA8B87E1BC993E1003206FE /* Frameworks */,
				EFA8B87F1BC993E1003206FE /* Resources */,
			);
			buildRules = (
			);
			dependencies = (
			);
			name = RetroCamera;
			productName = RetroCamera;
			productReference = EFA8B8811BC993E1003206FE /* RetroCamera.app */;
			productType = "com.apple.product-type.application";
		};
/* End PBXNativeTarget section */

/* Begin PBXProject section */
		EFA8B8791BC993E1003206FE /* Project object */ = {
			isa = PBXProject;
			attributes = {
				LastUpgradeCheck = 0700;
				ORGANIZATIONNAME = learnSwift;
				TargetAttributes = {
					EFA8B8801BC993E1003206FE = {
						CreatedOnToolsVersion = 7.0;
						DevelopmentTeam = 88F3UUEVGV;
						SystemCapabilities = {
							com.apple.Push = {
								enabled = 0;
							};
						};
					};
				};
			};
			buildConfigurationList = EFA8B87C1BC993E1003206FE /* Build configuration list for PBXProject "RetroCamera" */;
			compatibilityVersion = "Xcode 3.2";
			developmentRegion = English;
			hasScannedForEncodings = 0;
			knownRegions = (
				en,
				Base,
			);
			mainGroup = EFA8B8781BC993E1003206FE;
			productRefGroup = EFA8B8821BC993E1003206FE /* Products */;
			projectDirPath = "";
			projectRoot = "";
			targets = (
				EFA8B8801BC993E1003206FE /* RetroCamera */,
			);
		};
/* End PBXProject section */

/* Begin PBXResourcesBuildPhase section */
		EFA8B87F1BC993E1003206FE /* Resources */ = {
			isa = PBXResourcesBuildPhase;
			buildActionMask = 2147483647;
			files = (
				EFA8B88F1BC993E1003206FE /* LaunchScreen.storyboard in Resources */,
				EFA8B88C1BC993E1003206FE /* Assets.xcassets in Resources */,
				EFA8B88A1BC993E1003206FE /* Main.storyboard in Resources */,
			);
			runOnlyForDeploymentPostprocessing = 0;
		};
/* End PBXResourcesBuildPhase section */

/* Begin PBXSourcesBuildPhase section */
		EFA8B87D1BC993E1003206FE /* Sources */ = {
			isa = PBXSourcesBuildPhase;
			buildActionMask = 2147483647;
			files = (
				EFA8B8871BC993E1003206FE /* ViewController.swift in Sources */,
				EFA8B8851BC993E1003206FE /* AppDelegate.swift in Sources */,
			);
			runOnlyForDeploymentPostprocessing = 0;
		};
/* End PBXSourcesBuildPhase section */

/* Begin PBXVariantGroup section */
		EFA8B8881BC993E1003206FE /* Main.storyboard */ = {
			isa = PBXVariantGroup;
			children = (
				EFA8B8891BC993E1003206FE /* Base */,
			);
			name = Main.storyboard;
			sourceTree = "<group>";
		};
		EFA8B88D1BC993E1003206FE /* LaunchScreen.storyboard */ = {
			isa = PBXVariantGroup;
			children = (
				EFA8B88E1BC993E1003206FE /* Base */,
			);
			name = LaunchScreen.storyboard;
			sourceTree = "<group>";
		};
/* End PBXVariantGroup section */

/* Begin XCBuildConfiguration section */
		EFA8B8911BC993E1003206FE /* Debug */ = {
			isa = XCBuildConfiguration;
			buildSettings = {
				ALWAYS_SEARCH_USER_PATHS = NO;
				CLANG_CXX_LANGUAGE_STANDARD = "gnu++0x";
				CLANG_CXX_LIBRARY = "libc++";
				CLANG_ENABLE_MODULES = YES;
				CLANG_ENABLE_OBJC_ARC = YES;
				CLANG_WARN_BOOL_CONVERSION = YES;
				CLANG_WARN_CONSTANT_CONVERSION = YES;
				CLANG_WARN_DIRECT_OBJC_ISA_USAGE = YES_ERROR;
				CLANG_WARN_EMPTY_BODY = YES;
				CLANG_WARN_ENUM_CONVERSION = YES;
				CLANG_WARN_INT_CONVERSION = YES;
				CLANG_WARN_OBJC_ROOT_CLASS = YES_ERROR;
				CLANG_WARN_UNREACHABLE_CODE = YES;
				CLANG_WARN__DUPLICATE_METHOD_MATCH = YES;
				"CODE_SIGN_IDENTITY[sdk=iphoneos*]" = "iPhone Developer";
				COPY_PHASE_STRIP = NO;
				DEBUG_INFORMATION_FORMAT = dwarf;
				ENABLE_STRICT_OBJC_MSGSEND = YES;
				ENABLE_TESTABILITY = YES;
				GCC_C_LANGUAGE_STANDARD = gnu99;
				GCC_DYNAMIC_NO_PIC = NO;
				GCC_NO_COMMON_BLOCKS = YES;
				GCC_OPTIMIZATION_LEVEL = 0;
				GCC_PREPROCESSOR_DEFINITIONS = (
					"DEBUG=1",
					"$(inherited)",
				);
				GCC_WARN_64_TO_32_BIT_CONVERSION = YES;
				GCC_WARN_ABOUT_RETURN_TYPE = YES_ERROR;
				GCC_WARN_UNDECLARED_SELECTOR = YES;
				GCC_WARN_UNINITIALIZED_AUTOS = YES_AGGRESSIVE;
				GCC_WARN_UNUSED_FUNCTION = YES;
				GCC_WARN_UNUSED_VARIABLE = YES;
				IPHONEOS_DEPLOYMENT_TARGET = 9.0;
				MTL_ENABLE_DEBUG_INFO = YES;
				ONLY_ACTIVE_ARCH = YES;
				SDKROOT = iphoneos;
				SWIFT_OPTIMIZATION_LEVEL = "-Onone";
				TARGETED_DEVICE_FAMILY = "1,2";
			};
			name = Debug;
		};
		EFA8B8921BC993E1003206FE /* Release */ = {
			isa = XCBuildConfiguration;
			buildSettings = {
				ALWAYS_SEARCH_USER_PATHS = NO;
				CLANG_CXX_LANGUAGE_STANDARD = "gnu++0x";
				CLANG_CXX_LIBRARY = "libc++";
				CLANG_ENABLE_MODULES = YES;
				CLANG_ENABLE_OBJC_ARC = YES;
				CLANG_WARN_BOOL_CONVERSION = YES;
				CLANG_WARN_CONSTANT_CONVERSION = YES;
				CLANG_WARN_DIRECT_OBJC_ISA_USAGE = YES_ERROR;
				CLANG_WARN_EMPTY_BODY = YES;
				CLANG_WARN_ENUM_CONVERSION = YES;
				CLANG_WARN_INT_CONVERSION = YES;
				CLANG_WARN_OBJC_ROOT_CLASS = YES_ERROR;
				CLANG_WARN_UNREACHABLE_CODE = YES;
				CLANG_WARN__DUPLICATE_METHOD_MATCH = YES;
				"CODE_SIGN_IDENTITY[sdk=iphoneos*]" = "iPhone Developer";
				COPY_PHASE_STRIP = NO;
				DEBUG_INFORMATION_FORMAT = "dwarf-with-dsym";
				ENABLE_NS_ASSERTIONS = NO;
				ENABLE_STRICT_OBJC_MSGSEND = YES;
				GCC_C_LANGUAGE_STANDARD = gnu99;
				GCC_NO_COMMON_BLOCKS = YES;
				GCC_WARN_64_TO_32_BIT_CONVERSION = YES;
				GCC_WARN_ABOUT_RETURN_TYPE = YES_ERROR;
				GCC_WARN_UNDECLARED_SELECTOR = YES;
				GCC_WARN_UNINITIALIZED_AUTOS = YES_AGGRESSIVE;
				GCC_WARN_UNUSED_FUNCTION = YES;
				GCC_WARN_UNUSED_VARIABLE = YES;
				IPHONEOS_DEPLOYMENT_TARGET = 9.0;
				MTL_ENABLE_DEBUG_INFO = NO;
				SDKROOT = iphoneos;
				TARGETED_DEVICE_FAMILY = "1,2";
				VALIDATE_PRODUCT = YES;
			};
			name = Release;
		};
		EFA8B8941BC993E1003206FE /* Debug */ = {
			isa = XCBuildConfiguration;
			buildSettings = {
				ASSETCATALOG_COMPILER_APPICON_NAME = AppIcon;
				CODE_SIGN_IDENTITY = "iPhone Developer";
				"CODE_SIGN_IDENTITY[sdk=iphoneos*]" = "iPhone Developer";
				INFOPLIST_FILE = RetroCamera/Info.plist;
				LD_RUNPATH_SEARCH_PATHS = "$(inherited) @executable_path/Frameworks";
				PRODUCT_BUNDLE_IDENTIFIER = io.learnswift.RetroCamera;
				PRODUCT_NAME = "$(TARGET_NAME)";
				PROVISIONING_PROFILE = "";
			};
			name = Debug;
		};
		EFA8B8951BC993E1003206FE /* Release */ = {
			isa = XCBuildConfiguration;
			buildSettings = {
				ASSETCATALOG_COMPILER_APPICON_NAME = AppIcon;
				CODE_SIGN_IDENTITY = "iPhone Developer";
				"CODE_SIGN_IDENTITY[sdk=iphoneos*]" = "iPhone Developer";
				INFOPLIST_FILE = RetroCamera/Info.plist;
				LD_RUNPATH_SEARCH_PATHS = "$(inherited) @executable_path/Frameworks";
				PRODUCT_BUNDLE_IDENTIFIER = io.learnswift.RetroCamera;
				PRODUCT_NAME = "$(TARGET_NAME)";
				PROVISIONING_PROFILE = "";
			};
			name = Release;
		};
/* End XCBuildConfiguration section */

/* Begin XCConfigurationList section */
		EFA8B87C1BC993E1003206FE /* Build configuration list for PBXProject "RetroCamera" */ = {
			isa = XCConfigurationList;
			buildConfigurations = (
				EFA8B8911BC993E1003206FE /* Debug */,
				EFA8B8921BC993E1003206FE /* Release */,
			);
			defaultConfigurationIsVisible = 0;
			defaultConfigurationName = Release;
		};
		EFA8B8931BC993E1003206FE /* Build configuration list for PBXNativeTarget "RetroCamera" */ = {
			isa = XCConfigurationList;
			buildConfigurations = (
				EFA8B8941BC993E1003206FE /* Debug */,
				EFA8B8951BC993E1003206FE /* Release */,
			);
			defaultConfigurationIsVisible = 0;
		};
/* End XCConfigurationList section */
	};
	rootObject = EFA8B8791BC993E1003206FE /* Project object */;
}
